{
  "requires": true,
  "lockfileVersion": 1,
  "dependencies": {
    "jquery-viewport-checker": {
      "version": "1.8.8",
      "resolved": "https://registry.npmjs.org/jquery-viewport-checker/-/jquery-viewport-checker-1.8.8.tgz",
      "integrity": "sha512-FYkZd5bUYjIFqG+atxQRX+QuXs7Bm6CyLN6XhV5EGoyYj94/lp2MQqoiobd/tYIzoYwLLD9DEMM6HqEYvaXEmA=="
    }
  }
}
